
Microsoft Visual Studio Solution File, Format Version 12.00
# Visual Studio Version 17
VisualStudioVersion = 17.2.32630.192
MinimumVisualStudioVersion = 10.0.40219.1
Project("{9A19103F-16F7-4668-BE54-9A1E7A4F7556}") = "BankAppUI", "BankAppUI\BankAppUI.csproj", "{8D453CC6-F8E1-43B9-8180-218A519923F5}"
EndProject
Project("{9A19103F-16F7-4668-BE54-9A1E7A4F7556}") = "BankAppCore", "BankAppCore\BankAppCore.csproj", "{5B16DFB6-D406-4B44-BC93-B969E8F6EC27}"
EndProject
Project("{9A19103F-16F7-4668-BE54-9A1E7A4F7556}") = "BankAppTest", "Tests\TestProject1\BankAppTest.csproj", "{60180BE9-0580-4134-A388-64A3C0D4ACEC}"
EndProject
Project("{2150E333-8FDC-42A3-9474-1A3956D46DE8}") = "Solution Items", "Solution Items", "{C100CBF8-029D-41C8-8C5B-12FEB45461C8}"
	ProjectSection(SolutionItems) = preProject
		.editorconfig = .editorconfig
	EndProjectSection
EndProject
Global
	GlobalSection(SolutionConfigurationPlatforms) = preSolution
		Debug|Any CPU = Debug|Any CPU
		Release|Any CPU = Release|Any CPU
	EndGlobalSection
	GlobalSection(ProjectConfigurationPlatforms) = postSolution
		{8D453CC6-F8E1-43B9-8180-218A519923F5}.Debug|Any CPU.ActiveCfg = Debug|Any CPU
		{8D453CC6-F8E1-43B9-8180-218A519923F5}.Debug|Any CPU.Build.0 = Debug|Any CPU
		{8D453CC6-F8E1-43B9-8180-218A519923F5}.Release|Any CPU.ActiveCfg = Release|Any CPU
		{8D453CC6-F8E1-43B9-8180-218A519923F5}.Release|Any CPU.Build.0 = Release|Any CPU
		{5B16DFB6-D406-4B44-BC93-B969E8F6EC27}.Debug|Any CPU.ActiveCfg = Debug|Any CPU
		{5B16DFB6-D406-4B44-BC93-B969E8F6EC27}.Debug|Any CPU.Build.0 = Debug|Any CPU
		{5B16DFB6-D406-4B44-BC93-B969E8F6EC27}.Release|Any CPU.ActiveCfg = Release|Any CPU
		{5B16DFB6-D406-4B44-BC93-B969E8F6EC27}.Release|Any CPU.Build.0 = Release|Any CPU
		{60180BE9-0580-4134-A388-64A3C0D4ACEC}.Debug|Any CPU.ActiveCfg = Debug|Any CPU
		{60180BE9-0580-4134-A388-64A3C0D4ACEC}.Debug|Any CPU.Build.0 = Debug|Any CPU
		{60180BE9-0580-4134-A388-64A3C0D4ACEC}.Release|Any CPU.ActiveCfg = Release|Any CPU
		{60180BE9-0580-4134-A388-64A3C0D4ACEC}.Release|Any CPU.Build.0 = Release|Any CPU
	EndGlobalSection
	GlobalSection(SolutionProperties) = preSolution
		HideSolutionNode = FALSE
	EndGlobalSection
	GlobalSection(ExtensibilityGlobals) = postSolution
		SolutionGuid = {A4CFFD57-83AD-46C1-AF59-C3A8A70E2EAC}
	EndGlobalSection
EndGlobal
